// !$*UTF8*$!
{
	archiveVersion = 1;
	classes = {
	};
	objectVersion = 77;
	objects = {

/* Begin PBXBuildFile section */
		D462BAF82DDB0D0F006199B8 /* DungGeunMo.otf in Resources */ = {isa = PBXBuildFile; fileRef = D462BAF72DDB0D0F006199B8 /* DungGeunMo.otf */; };
/* End PBXBuildFile section */

/* Begin PBXContainerItemProxy section */
		D41930EA2DA39C50006B4397 /* PBXContainerItemProxy */ = {
			isa = PBXContainerItemProxy;
			containerPortal = D41930D02DA39C4F006B4397 /* Project object */;
			proxyType = 1;
			remoteGlobalIDString = D41930D72DA39C4F006B4397;
			remoteInfo = "take-a-look";
		};
		D41930F42DA39C50006B4397 /* PBXContainerItemProxy */ = {
			isa = PBXContainerItemProxy;
			containerPortal = D41930D02DA39C4F006B4397 /* Project object */;
			proxyType = 1;
			remoteGlobalIDString = D41930D72DA39C4F006B4397;
			remoteInfo = "take-a-look";
		};
/* End PBXContainerItemProxy section */

/* Begin PBXFileReference section */
		D41930D82DA39C4F006B4397 /* take-a-look.app */ = {isa = PBXFileReference; explicitFileType = wrapper.application; includeInIndex = 0; path = "take-a-look.app"; sourceTree = BUILT_PRODUCTS_DIR; };
		D41930E92DA39C50006B4397 /* take-a-lookTests.xctest */ = {isa = PBXFileReference; explicitFileType = wrapper.cfbundle; includeInIndex = 0; path = "take-a-lookTests.xctest"; sourceTree = BUILT_PRODUCTS_DIR; };
		D41930F32DA39C50006B4397 /* take-a-lookUITests.xctest */ = {isa = PBXFileReference; explicitFileType = wrapper.cfbundle; includeInIndex = 0; path = "take-a-lookUITests.xctest"; sourceTree = BUILT_PRODUCTS_DIR; };
		D462BAF72DDB0D0F006199B8 /* DungGeunMo.otf */ = {isa = PBXFileReference; lastKnownFileType = file; path = DungGeunMo.otf; sourceTree = "<group>"; };
/* End PBXFileReference section */

/* Begin PBXFileSystemSynchronizedBuildFileExceptionSet section */
		D419310A2DA39CAC006B4397 /* Exceptions for "take-a-look" folder in "take-a-look" target */ = {
			isa = PBXFileSystemSynchronizedBuildFileExceptionSet;
			membershipExceptions = (
				Info.plist,
			);
			target = D41930D72DA39C4F006B4397 /* take-a-look */;
		};
/* End PBXFileSystemSynchronizedBuildFileExceptionSet section */

/* Begin PBXFileSystemSynchronizedRootGroup section */
		D41930DA2DA39C4F006B4397 /* take-a-look */ = {
			isa = PBXFileSystemSynchronizedRootGroup;
			exceptions = (
				D419310A2DA39CAC006B4397 /* Exceptions for "take-a-look" folder in "take-a-look" target */,
			);
			path = "take-a-look";
			sourceTree = "<group>";
		};
		D41930EC2DA39C50006B4397 /* take-a-lookTests */ = {
			isa = PBXFileSystemSynchronizedRootGroup;
			path = "take-a-lookTests";
			sourceTree = "<group>";
		};
		D41930F62DA39C50006B4397 /* take-a-lookUITests */ = {
			isa = PBXFileSystemSynchronizedRootGroup;
			path = "take-a-lookUITests";
			sourceTree = "<group>";
		};
/* End PBXFileSystemSynchronizedRootGroup section */

/* Begin PBXFrameworksBuildPhase section */
		D41930D52DA39C4F006B4397 /* Frameworks */ = {
			isa = PBXFrameworksBuildPhase;
			buildActionMask = 2147483647;
			files = (
			);
			runOnlyForDeploymentPostprocessing = 0;
		};
		D41930E62DA39C50006B4397 /* Frameworks */ = {
			isa = PBXFrameworksBuildPhase;
			buildActionMask = 2147483647;
			files = (
			);
			runOnlyForDeploymentPostprocessing = 0;
		};
		D41930F02DA39C50006B4397 /* Frameworks */ = {
			isa = PBXFrameworksBuildPhase;
			buildActionMask = 2147483647;
			files = (
			);
			runOnlyForDeploymentPostprocessing = 0;
		};
/* End PBXFrameworksBuildPhase section */

/* Begin PBXGroup section */
		D41930CF2DA39C4F006B4397 = {
			isa = PBXGroup;
			children = (
				D41930DA2DA39C4F006B4397 /* take-a-look */,
				D41930EC2DA39C50006B4397 /* take-a-lookTests */,
				D41930F62DA39C50006B4397 /* take-a-lookUITests */,
				D41930D92DA39C4F006B4397 /* Products */,
				D462BAF72DDB0D0F006199B8 /* DungGeunMo.otf */,
			);
			sourceTree = "<group>";
		};
		D41930D92DA39C4F006B4397 /* Products */ = {
			isa = PBXGroup;
			children = (
				D41930D82DA39C4F006B4397 /* take-a-look.app */,
				D41930E92DA39C50006B4397 /* take-a-lookTests.xctest */,
				D41930F32DA39C50006B4397 /* take-a-lookUITests.xctest */,
			);
			name = Products;
			sourceTree = "<group>";
		};
/* End PBXGroup section */

/* Begin PBXNativeTarget section */
		D41930D72DA39C4F006B4397 /* take-a-look */ = {
			isa = PBXNativeTarget;
			buildConfigurationList = D41930FD2DA39C50006B4397 /* Build configuration list for PBXNativeTarget "take-a-look" */;
			buildPhases = (
				D41930D42DA39C4F006B4397 /* Sources */,
				D41930D52DA39C4F006B4397 /* Frameworks */,
				D41930D62DA39C4F006B4397 /* Resources */,
			);
			buildRules = (
			);
			dependencies = (
			);
			fileSystemSynchronizedGroups = (
				D41930DA2DA39C4F006B4397 /* take-a-look */,
			);
			name = "take-a-look";
			packageProductDependencies = (
			);
			productName = "take-a-look";
			productReference = D41930D82DA39C4F006B4397 /* take-a-look.app */;
			productType = "com.apple.product-type.application";
		};
		D41930E82DA39C50006B4397 /* take-a-lookTests */ = {
			isa = PBXNativeTarget;
			buildConfigurationList = D41931002DA39C50006B4397 /* Build configuration list for PBXNativeTarget "take-a-lookTests" */;
			buildPhases = (
				D41930E52DA39C50006B4397 /* Sources */,
				D41930E62DA39C50006B4397 /* Frameworks */,
				D41930E72DA39C50006B4397 /* Resources */,
			);
			buildRules = (
			);
			dependencies = (
				D41930EB2DA39C50006B4397 /* PBXTargetDependency */,
			);
			fileSystemSynchronizedGroups = (
				D41930EC2DA39C50006B4397 /* take-a-lookTests */,
			);
			name = "take-a-lookTests";
			packageProductDependencies = (
			);
			productName = "take-a-lookTests";
			productReference = D41930E92DA39C50006B4397 /* take-a-lookTests.xctest */;
			productType = "com.apple.product-type.bundle.unit-test";
		};
		D41930F22DA39C50006B4397 /* take-a-lookUITests */ = {
			isa = PBXNativeTarget;
			buildConfigurationList = D41931032DA39C50006B4397 /* Build configuration list for PBXNativeTarget "take-a-lookUITests" */;
			buildPhases = (
				D41930EF2DA39C50006B4397 /* Sources */,
				D41930F02DA39C50006B4397 /* Frameworks */,
				D41930F12DA39C50006B4397 /* Resources */,
			);
			buildRules = (
			);
			dependencies = (
				D41930F52DA39C50006B4397 /* PBXTargetDependency */,
			);
			fileSystemSynchronizedGroups = (
				D41930F62DA39C50006B4397 /* take-a-lookUITests */,
			);
			name = "take-a-lookUITests";
			packageProductDependencies = (
			);
			productName = "take-a-lookUITests";
			productReference = D41930F32DA39C50006B4397 /* take-a-lookUITests.xctest */;
			productType = "com.apple.product-type.bundle.ui-testing";
		};
/* End PBXNativeTarget section */

/* Begin PBXProject section */
		D41930D02DA39C4F006B4397 /* Project object */ = {
			isa = PBXProject;
			attributes = {
				BuildIndependentTargetsInParallel = 1;
				LastSwiftUpdateCheck = 1620;
				LastUpgradeCheck = 1620;
				TargetAttributes = {
					D41930D72DA39C4F006B4397 = {
						CreatedOnToolsVersion = 16.2;
					};
					D41930E82DA39C50006B4397 = {
						CreatedOnToolsVersion = 16.2;
						TestTargetID = D41930D72DA39C4F006B4397;
					};
					D41930F22DA39C50006B4397 = {
						CreatedOnToolsVersion = 16.2;
						TestTargetID = D41930D72DA39C4F006B4397;
					};
				};
			};
			buildConfigurationList = D41930D32DA39C4F006B4397 /* Build configuration list for PBXProject "take-a-look" */;
			developmentRegion = en;
			hasScannedForEncodings = 0;
			knownRegions = (
				en,
				Base,
			);
			mainGroup = D41930CF2DA39C4F006B4397;
			minimizedProjectReferenceProxies = 1;
			preferredProjectObjectVersion = 77;
			productRefGroup = D41930D92DA39C4F006B4397 /* Products */;
			projectDirPath = "";
			projectRoot = "";
			targets = (
				D41930D72DA39C4F006B4397 /* take-a-look */,
				D41930E82DA39C50006B4397 /* take-a-lookTests */,
				D41930F22DA39C50006B4397 /* take-a-lookUITests */,
			);
		};
/* End PBXProject section */

/* Begin PBXResourcesBuildPhase section */
		D41930D62DA39C4F006B4397 /* Resources */ = {
			isa = PBXResourcesBuildPhase;
			buildActionMask = 2147483647;
			files = (
				D462BAF82DDB0D0F006199B8 /* DungGeunMo.otf in Resources */,
			);
			runOnlyForDeploymentPostprocessing = 0;
		};
		D41930E72DA39C50006B4397 /* Resources */ = {
			isa = PBXResourcesBuildPhase;
			buildActionMask = 2147483647;
			files = (
			);
			runOnlyForDeploymentPostprocessing = 0;
		};
		D41930F12DA39C50006B4397 /* Resources */ = {
			isa = PBXResourcesBuildPhase;
			buildActionMask = 2147483647;
			files = (
			);
			runOnlyForDeploymentPostprocessing = 0;
		};
/* End PBXResourcesBuildPhase section */

/* Begin PBXSourcesBuildPhase section */
		D41930D42DA39C4F006B4397 /* Sources */ = {
			isa = PBXSourcesBuildPhase;
			buildActionMask = 2147483647;
			files = (
			);
			runOnlyForDeploymentPostprocessing = 0;
		};
		D41930E52DA39C50006B4397 /* Sources */ = {
			isa = PBXSourcesBuildPhase;
			buildActionMask = 2147483647;
			files = (
			);
			runOnlyForDeploymentPostprocessing = 0;
		};
		D41930EF2DA39C50006B4397 /* Sources */ = {
			isa = PBXSourcesBuildPhase;
			buildActionMask = 2147483647;
			files = (
			);
			runOnlyForDeploymentPostprocessing = 0;
		};
/* End PBXSourcesBuildPhase section */

/* Begin PBXTargetDependency section */
		D41930EB2DA39C50006B4397 /* PBXTargetDependency */ = {
			isa = PBXTargetDependency;
			target = D41930D72DA39C4F006B4397 /* take-a-look */;
			targetProxy = D41930EA2DA39C50006B4397 /* PBXContainerItemProxy */;
		};
		D41930F52DA39C50006B4397 /* PBXTargetDependency */ = {
			isa = PBXTargetDependency;
			target = D41930D72DA39C4F006B4397 /* take-a-look */;
			targetProxy = D41930F42DA39C50006B4397 /* PBXContainerItemProxy */;
		};
/* End PBXTargetDependency section */

/* Begin XCBuildConfiguration section */
		D41930FB2DA39C50006B4397 /* Debug */ = {
			isa = XCBuildConfiguration;
			buildSettings = {
				ALWAYS_SEARCH_USER_PATHS = NO;
				ASSETCATALOG_COMPILER_GENERATE_SWIFT_ASSET_SYMBOL_EXTENSIONS = YES;
				CLANG_ANALYZER_NONNULL = YES;
				CLANG_ANALYZER_NUMBER_OBJECT_CONVERSION = YES_AGGRESSIVE;
				CLANG_CXX_LANGUAGE_STANDARD = "gnu++20";
				CLANG_ENABLE_MODULES = YES;
				CLANG_ENABLE_OBJC_ARC = YES;
				CLANG_ENABLE_OBJC_WEAK = YES;
				CLANG_WARN_BLOCK_CAPTURE_AUTORELEASING = YES;
				CLANG_WARN_BOOL_CONVERSION = YES;
				CLANG_WARN_COMMA = YES;
				CLANG_WARN_CONSTANT_CONVERSION = YES;
				CLANG_WARN_DEPRECATED_OBJC_IMPLEMENTATIONS = YES;
				CLANG_WARN_DIRECT_OBJC_ISA_USAGE = YES_ERROR;
				CLANG_WARN_DOCUMENTATION_COMMENTS = YES;
				CLANG_WARN_EMPTY_BODY = YES;
				CLANG_WARN_ENUM_CONVERSION = YES;
				CLANG_WARN_INFINITE_RECURSION = YES;
				CLANG_WARN_INT_CONVERSION = YES;
				CLANG_WARN_NON_LITERAL_NULL_CONVERSION = YES;
				CLANG_WARN_OBJC_IMPLICIT_RETAIN_SELF = YES;
				CLANG_WARN_OBJC_LITERAL_CONVERSION = YES;
				CLANG_WARN_OBJC_ROOT_CLASS = YES_ERROR;
				CLANG_WARN_QUOTED_INCLUDE_IN_FRAMEWORK_HEADER = YES;
				CLANG_WARN_RANGE_LOOP_ANALYSIS = YES;
				CLANG_WARN_STRICT_PROTOTYPES = YES;
				CLANG_WARN_SUSPICIOUS_MOVE = YES;
				CLANG_WARN_UNGUARDED_AVAILABILITY = YES_AGGRESSIVE;
				CLANG_WARN_UNREACHABLE_CODE = YES;
				CLANG_WARN__DUPLICATE_METHOD_MATCH = YES;
				COPY_PHASE_STRIP = NO;
				DEBUG_INFORMATION_FORMAT = dwarf;
				ENABLE_STRICT_OBJC_MSGSEND = YES;
				ENABLE_TESTABILITY = YES;
				ENABLE_USER_SCRIPT_SANDBOXING = YES;
				GCC_C_LANGUAGE_STANDARD = gnu17;
				GCC_DYNAMIC_NO_PIC = NO;
				GCC_NO_COMMON_BLOCKS = YES;
				GCC_OPTIMIZATION_LEVEL = 0;
				GCC_PREPROCESSOR_DEFINITIONS = (
					"DEBUG=1",
					"$(inherited)",
				);
				GCC_WARN_64_TO_32_BIT_CONVERSION = YES;
				GCC_WARN_ABOUT_RETURN_TYPE = YES_ERROR;
				GCC_WARN_UNDECLARED_SELECTOR = YES;
				GCC_WARN_UNINITIALIZED_AUTOS = YES_AGGRESSIVE;
				GCC_WARN_UNUSED_FUNCTION = YES;
				GCC_WARN_UNUSED_VARIABLE = YES;
				LOCALIZATION_PREFERS_STRING_CATALOGS = YES;
				MACOSX_DEPLOYMENT_TARGET = 15.2;
				MTL_ENABLE_DEBUG_INFO = INCLUDE_SOURCE;
				MTL_FAST_MATH = YES;
				ONLY_ACTIVE_ARCH = YES;
				SDKROOT = macosx;
				SWIFT_ACTIVE_COMPILATION_CONDITIONS = "DEBUG $(inherited)";
				SWIFT_OPTIMIZATION_LEVEL = "-Onone";
			};
			name = Debug;
		};
		D41930FC2DA39C50006B4397 /* Release */ = {
			isa = XCBuildConfiguration;
			buildSettings = {
				ALWAYS_SEARCH_USER_PATHS = NO;
				ASSETCATALOG_COMPILER_GENERATE_SWIFT_ASSET_SYMBOL_EXTENSIONS = YES;
				CLANG_ANALYZER_NONNULL = YES;
				CLANG_ANALYZER_NUMBER_OBJECT_CONVERSION = YES_AGGRESSIVE;
				CLANG_CXX_LANGUAGE_STANDARD = "gnu++20";
				CLANG_ENABLE_MODULES = YES;
				CLANG_ENABLE_OBJC_ARC = YES;
				CLANG_ENABLE_OBJC_WEAK = YES;
				CLANG_WARN_BLOCK_CAPTURE_AUTORELEASING = YES;
				CLANG_WARN_BOOL_CONVERSION = YES;
				CLANG_WARN_COMMA = YES;
				CLANG_WARN_CONSTANT_CONVERSION = YES;
				CLANG_WARN_DEPRECATED_OBJC_IMPLEMENTATIONS = YES;
				CLANG_WARN_DIRECT_OBJC_ISA_USAGE = YES_ERROR;
				CLANG_WARN_DOCUMENTATION_COMMENTS = YES;
				CLANG_WARN_EMPTY_BODY = YES;
				CLANG_WARN_ENUM_CONVERSION = YES;
				CLANG_WARN_INFINITE_RECURSION = YES;
				CLANG_WARN_INT_CONVERSION = YES;
				CLANG_WARN_NON_LITERAL_NULL_CONVERSION = YES;
				CLANG_WARN_OBJC_IMPLICIT_RETAIN_SELF = YES;
				CLANG_WARN_OBJC_LITERAL_CONVERSION = YES;
				CLANG_WARN_OBJC_ROOT_CLASS = YES_ERROR;
				CLANG_WARN_QUOTED_INCLUDE_IN_FRAMEWORK_HEADER = YES;
				CLANG_WARN_RANGE_LOOP_ANALYSIS = YES;
				CLANG_WARN_STRICT_PROTOTYPES = YES;
				CLANG_WARN_SUSPICIOUS_MOVE = YES;
				CLANG_WARN_UNGUARDED_AVAILABILITY = YES_AGGRESSIVE;
				CLANG_WARN_UNREACHABLE_CODE = YES;
				CLANG_WARN__DUPLICATE_METHOD_MATCH = YES;
				COPY_PHASE_STRIP = NO;
				DEBUG_INFORMATION_FORMAT = "dwarf-with-dsym";
				ENABLE_NS_ASSERTIONS = NO;
				ENABLE_STRICT_OBJC_MSGSEND = YES;
				ENABLE_USER_SCRIPT_SANDBOXING = YES;
				GCC_C_LANGUAGE_STANDARD = gnu17;
				GCC_NO_COMMON_BLOCKS = YES;
				GCC_WARN_64_TO_32_BIT_CONVERSION = YES;
				GCC_WARN_ABOUT_RETURN_TYPE = YES_ERROR;
				GCC_WARN_UNDECLARED_SELECTOR = YES;
				GCC_WARN_UNINITIALIZED_AUTOS = YES_AGGRESSIVE;
				GCC_WARN_UNUSED_FUNCTION = YES;
				GCC_WARN_UNUSED_VARIABLE = YES;
				LOCALIZATION_PREFERS_STRING_CATALOGS = YES;
				MACOSX_DEPLOYMENT_TARGET = 15.2;
				MTL_ENABLE_DEBUG_INFO = NO;
				MTL_FAST_MATH = YES;
				SDKROOT = macosx;
				SWIFT_COMPILATION_MODE = wholemodule;
			};
			name = Release;
		};
		D41930FE2DA39C50006B4397 /* Debug */ = {
			isa = XCBuildConfiguration;
			buildSettings = {
				ASSETCATALOG_COMPILER_APPICON_NAME = AppIcon;
				ASSETCATALOG_COMPILER_GLOBAL_ACCENT_COLOR_NAME = AccentColor;
				CODE_SIGN_ENTITLEMENTS = "take-a-look/take_a_look.entitlements";
				"CODE_SIGN_IDENTITY[sdk=macosx*]" = "Apple Development";
				CODE_SIGN_STYLE = Automatic;
				COMBINE_HIDPI_IMAGES = YES;
				CURRENT_PROJECT_VERSION = 1;
				DEVELOPMENT_ASSET_PATHS = "\"take-a-look/Preview Content\"";
				DEVELOPMENT_TEAM = C93BJL2HKK;
				ENABLE_HARDENED_RUNTIME = YES;
				ENABLE_PREVIEWS = YES;
				GENERATE_INFOPLIST_FILE = YES;
				INFOPLIST_FILE = "take-a-look/Info.plist";
				INFOPLIST_KEY_NSHumanReadableCopyright = "";
				LD_RUNPATH_SEARCH_PATHS = (
					"$(inherited)",
					"@executable_path/../Frameworks",
				);
				MARKETING_VERSION = 1.0;
				PRODUCT_BUNDLE_IDENTIFIER = "musclerun.take-a-look";
				PRODUCT_NAME = "$(TARGET_NAME)";
				SWIFT_EMIT_LOC_STRINGS = YES;
				SWIFT_VERSION = 5.0;
			};
			name = Debug;
		};
		D41930FF2DA39C50006B4397 /* Release */ = {
			isa = XCBuildConfiguration;
			buildSettings = {
				ASSETCATALOG_COMPILER_APPICON_NAME = AppIcon;
				ASSETCATALOG_COMPILER_GLOBAL_ACCENT_COLOR_NAME = AccentColor;
				CODE_SIGN_ENTITLEMENTS = "take-a-look/take_a_look.entitlements";
				"CODE_SIGN_IDENTITY[sdk=macosx*]" = "Apple Development";
				CODE_SIGN_STYLE = Automatic;
				COMBINE_HIDPI_IMAGES = YES;
				CURRENT_PROJECT_VERSION = 1;
				DEVELOPMENT_ASSET_PATHS = "\"take-a-look/Preview Content\"";
				DEVELOPMENT_TEAM = C93BJL2HKK;
				ENABLE_HARDENED_RUNTIME = YES;
				ENABLE_PREVIEWS = YES;
				GENERATE_INFOPLIST_FILE = YES;
				INFOPLIST_FILE = "take-a-look/Info.plist";
				INFOPLIST_KEY_NSHumanReadableCopyright = "";
				LD_RUNPATH_SEARCH_PATHS = (
					"$(inherited)",
					"@executable_path/../Frameworks",
				);
				MARKETING_VERSION = 1.0;
				PRODUCT_BUNDLE_IDENTIFIER = "musclerun.take-a-look";
				PRODUCT_NAME = "$(TARGET_NAME)";
				SWIFT_EMIT_LOC_STRINGS = YES;
				SWIFT_VERSION = 5.0;
			};
			name = Release;
		};
		D41931012DA39C50006B4397 /* Debug */ = {
			isa = XCBuildConfiguration;
			buildSettings = {
				BUNDLE_LOADER = "$(TEST_HOST)";
				CODE_SIGN_STYLE = Automatic;
				CURRENT_PROJECT_VERSION = 1;
				DEVELOPMENT_TEAM = C93BJL2HKK;
				GENERATE_INFOPLIST_FILE = YES;
				MACOSX_DEPLOYMENT_TARGET = 15.2;
				MARKETING_VERSION = 1.0;
				PRODUCT_BUNDLE_IDENTIFIER = "musclerun.take-a-lookTests";
				PRODUCT_NAME = "$(TARGET_NAME)";
				SWIFT_EMIT_LOC_STRINGS = NO;
				SWIFT_VERSION = 5.0;
				TEST_HOST = "$(BUILT_PRODUCTS_DIR)/take-a-look.app/$(BUNDLE_EXECUTABLE_FOLDER_PATH)/take-a-look";
			};
			name = Debug;
		};
		D41931022DA39C50006B4397 /* Release */ = {
			isa = XCBuildConfiguration;
			buildSettings = {
				BUNDLE_LOADER = "$(TEST_HOST)";
				CODE_SIGN_STYLE = Automatic;
				CURRENT_PROJECT_VERSION = 1;
				DEVELOPMENT_TEAM = C93BJL2HKK;
				GENERATE_INFOPLIST_FILE = YES;
				MACOSX_DEPLOYMENT_TARGET = 15.2;
				MARKETING_VERSION = 1.0;
				PRODUCT_BUNDLE_IDENTIFIER = "musclerun.take-a-lookTests";
				PRODUCT_NAME = "$(TARGET_NAME)";
				SWIFT_EMIT_LOC_STRINGS = NO;
				SWIFT_VERSION = 5.0;
				TEST_HOST = "$(BUILT_PRODUCTS_DIR)/take-a-look.app/$(BUNDLE_EXECUTABLE_FOLDER_PATH)/take-a-look";
			};
			name = Release;
		};
		D41931042DA39C50006B4397 /* Debug */ = {
			isa = XCBuildConfiguration;
			buildSettings = {
				CODE_SIGN_STYLE = Automatic;
				CURRENT_PROJECT_VERSION = 1;
				DEVELOPMENT_TEAM = C93BJL2HKK;
				GENERATE_INFOPLIST_FILE = YES;
				MARKETING_VERSION = 1.0;
				PRODUCT_BUNDLE_IDENTIFIER = "musclerun.take-a-lookUITests";
				PRODUCT_NAME = "$(TARGET_NAME)";
				SWIFT_EMIT_LOC_STRINGS = NO;
				SWIFT_VERSION = 5.0;
				TEST_TARGET_NAME = "take-a-look";
			};
			name = Debug;
		};
		D41931052DA39C50006B4397 /* Release */ = {
			isa = XCBuildConfiguration;
			buildSettings = {
				CODE_SIGN_STYLE = Automatic;
				CURRENT_PROJECT_VERSION = 1;
				DEVELOPMENT_TEAM = C93BJL2HKK;
				GENERATE_INFOPLIST_FILE = YES;
				MARKETING_VERSION = 1.0;
				PRODUCT_BUNDLE_IDENTIFIER = "musclerun.take-a-lookUITests";
				PRODUCT_NAME = "$(TARGET_NAME)";
				SWIFT_EMIT_LOC_STRINGS = NO;
				SWIFT_VERSION = 5.0;
				TEST_TARGET_NAME = "take-a-look";
			};
			name = Release;
		};
/* End XCBuildConfiguration section */

/* Begin XCConfigurationList section */
		D41930D32DA39C4F006B4397 /* Build configuration list for PBXProject "take-a-look" */ = {
			isa = XCConfigurationList;
			buildConfigurations = (
				D41930FB2DA39C50006B4397 /* Debug */,
				D41930FC2DA39C50006B4397 /* Release */,
			);
			defaultConfigurationIsVisible = 0;
			defaultConfigurationName = Release;
		};
		D41930FD2DA39C50006B4397 /* Build configuration list for PBXNativeTarget "take-a-look" */ = {
			isa = XCConfigurationList;
			buildConfigurations = (
				D41930FE2DA39C50006B4397 /* Debug */,
				D41930FF2DA39C50006B4397 /* Release */,
			);
			defaultConfigurationIsVisible = 0;
			defaultConfigurationName = Release;
		};
		D41931002DA39C50006B4397 /* Build configuration list for PBXNativeTarget "take-a-lookTests" */ = {
			isa = XCConfigurationList;
			buildConfigurations = (
				D41931012DA39C50006B4397 /* Debug */,
				D41931022DA39C50006B4397 /* Release */,
			);
			defaultConfigurationIsVisible = 0;
			defaultConfigurationName = Release;
		};
		D41931032DA39C50006B4397 /* Build configuration list for PBXNativeTarget "take-a-lookUITests" */ = {
			isa = XCConfigurationList;
			buildConfigurations = (
				D41931042DA39C50006B4397 /* Debug */,
				D41931052DA39C50006B4397 /* Release */,
			);
			defaultConfigurationIsVisible = 0;
			defaultConfigurationName = Release;
		};
/* End XCConfigurationList section */
	};
	rootObject = D41930D02DA39C4F006B4397 /* Project object */;
}
